
Microsoft Visual Studio Solution File, Format Version 12.00
# Visual Studio 14
VisualStudioVersion = 14.0.25420.1
MinimumVisualStudioVersion = 10.0.40219.1
Project("{FAE04EC0-301F-11D3-BF4B-00C04F79EFBC}") = "01. Greeting", "01. Greeting\01. Greeting.csproj", "{013576FA-5D3F-41A5-8915-91ADB12D1FDF}"
EndProject
Project("{FAE04EC0-301F-11D3-BF4B-00C04F79EFBC}") = "02. Add Two Numbers", "02. Add Two Numbers\02. Add Two Numbers.csproj", "{7249CD77-6368-4E90-B35A-12801F3A2545}"
EndProject
Project("{FAE04EC0-301F-11D3-BF4B-00C04F79EFBC}") = "03. Employee Data", "03. Employee Data\03. Employee Data.csproj", "{BCBC749B-7FA7-4F02-A065-ADBB3C5B1694}"
EndProject
Global
	GlobalSection(SolutionConfigurationPlatforms) = preSolution
		Debug|Any CPU = Debug|Any CPU
		Release|Any CPU = Release|Any CPU
	EndGlobalSection
	GlobalSection(ProjectConfigurationPlatforms) = postSolution
		{013576FA-5D3F-41A5-8915-91ADB12D1FDF}.Debug|Any CPU.ActiveCfg = Debug|Any CPU
		{013576FA-5D3F-41A5-8915-91ADB12D1FDF}.Debug|Any CPU.Build.0 = Debug|Any CPU
		{013576FA-5D3F-41A5-8915-91ADB12D1FDF}.Release|Any CPU.ActiveCfg = Release|Any CPU
		{013576FA-5D3F-41A5-8915-91ADB12D1FDF}.Release|Any CPU.Build.0 = Release|Any CPU
		{7249CD77-6368-4E90-B35A-12801F3A2545}.Debug|Any CPU.ActiveCfg = Debug|Any CPU
		{7249CD77-6368-4E90-B35A-12801F3A2545}.Debug|Any CPU.Build.0 = Debug|Any CPU
		{7249CD77-6368-4E90-B35A-12801F3A2545}.Release|Any CPU.ActiveCfg = Release|Any CPU
		{7249CD77-6368-4E90-B35A-12801F3A2545}.Release|Any CPU.Build.0 = Release|Any CPU
		{BCBC749B-7FA7-4F02-A065-ADBB3C5B1694}.Debug|Any CPU.ActiveCfg = Debug|Any CPU
		{BCBC749B-7FA7-4F02-A065-ADBB3C5B1694}.Debug|Any CPU.Build.0 = Debug|Any CPU
		{BCBC749B-7FA7-4F02-A065-ADBB3C5B1694}.Release|Any CPU.ActiveCfg = Release|Any CPU
		{BCBC749B-7FA7-4F02-A065-ADBB3C5B1694}.Release|Any CPU.Build.0 = Release|Any CPU
	EndGlobalSection
	GlobalSection(SolutionProperties) = preSolution
		HideSolutionNode = FALSE
	EndGlobalSection
EndGlobal
