
Microsoft Visual Studio Solution File, Format Version 12.00
# Visual Studio 15
VisualStudioVersion = 15.0.26430.16
MinimumVisualStudioVersion = 10.0.40219.1
Project("{FAE04EC0-301F-11D3-BF4B-00C04F79EFBC}") = "03. Serialize String", "03. Serialize String\03. Serialize String.csproj", "{20A0CDB4-06F2-469B-8612-1614A7E56FEE}"
EndProject
Project("{FAE04EC0-301F-11D3-BF4B-00C04F79EFBC}") = "06. Stateless", "06. Stateless\06. Stateless.csproj", "{B26D02BD-9244-4364-B277-99D18C12C461}"
EndProject
Global
	GlobalSection(SolutionConfigurationPlatforms) = preSolution
		Debug|Any CPU = Debug|Any CPU
		Release|Any CPU = Release|Any CPU
	EndGlobalSection
	GlobalSection(ProjectConfigurationPlatforms) = postSolution
		{20A0CDB4-06F2-469B-8612-1614A7E56FEE}.Debug|Any CPU.ActiveCfg = Debug|Any CPU
		{20A0CDB4-06F2-469B-8612-1614A7E56FEE}.Debug|Any CPU.Build.0 = Debug|Any CPU
		{20A0CDB4-06F2-469B-8612-1614A7E56FEE}.Release|Any CPU.ActiveCfg = Release|Any CPU
		{20A0CDB4-06F2-469B-8612-1614A7E56FEE}.Release|Any CPU.Build.0 = Release|Any CPU
		{B26D02BD-9244-4364-B277-99D18C12C461}.Debug|Any CPU.ActiveCfg = Debug|Any CPU
		{B26D02BD-9244-4364-B277-99D18C12C461}.Debug|Any CPU.Build.0 = Debug|Any CPU
		{B26D02BD-9244-4364-B277-99D18C12C461}.Release|Any CPU.ActiveCfg = Release|Any CPU
		{B26D02BD-9244-4364-B277-99D18C12C461}.Release|Any CPU.Build.0 = Release|Any CPU
	EndGlobalSection
	GlobalSection(SolutionProperties) = preSolution
		HideSolutionNode = FALSE
	EndGlobalSection
EndGlobal
