
Microsoft Visual Studio Solution File, Format Version 12.00
# Visual Studio 15
VisualStudioVersion = 15.0.26430.16
MinimumVisualStudioVersion = 10.0.40219.1
Project("{FAE04EC0-301F-11D3-BF4B-00C04F79EFBC}") = "03. Serialize String", "03. Serialize String\03. Serialize String.csproj", "{20A0CDB4-06F2-469B-8612-1614A7E56FEE}"
EndProject
Project("{FAE04EC0-301F-11D3-BF4B-00C04F79EFBC}") = "06. Stateless", "06. Stateless\06. Stateless.csproj", "{B26D02BD-9244-4364-B277-99D18C12C461}"
EndProject
Project("{FAE04EC0-301F-11D3-BF4B-00C04F79EFBC}") = "07. Pyramidic", "07. Pyramidic\07. Pyramidic.csproj", "{6DC2DC04-1DF1-42B6-AF42-497BE06A6577}"
EndProject
Project("{FAE04EC0-301F-11D3-BF4B-00C04F79EFBC}") = "08. Nilapdromes", "08. Nilapdromes\08. Nilapdromes.csproj", "{9B256854-25C7-447F-91E8-73E3DF69ECD7}"
EndProject
Project("{FAE04EC0-301F-11D3-BF4B-00C04F79EFBC}") = "01. Value of a String", "01. Value of a String\01. Value of a String.csproj", "{D75B33F2-BA17-42A0-B9E7-31CF9B9917AF}"
EndProject
Project("{FAE04EC0-301F-11D3-BF4B-00C04F79EFBC}") = "02. Diamond Problem", "02. Diamond Problem\02. Diamond Problem.csproj", "{3762B8C4-85C7-4797-A12D-6F948D4A2941}"
EndProject
Project("{FAE04EC0-301F-11D3-BF4B-00C04F79EFBC}") = "04. Deserialize String", "04. Deserialize String\04. Deserialize String.csproj", "{7AFF5CFA-1C72-4CD6-AF30-CA069FB6A764}"
EndProject
Project("{FAE04EC0-301F-11D3-BF4B-00C04F79EFBC}") = "05. String Commander", "05. String Commander\05. String Commander.csproj", "{77B6EFD3-604F-48D3-9589-518224CCC582}"
EndProject
Global
	GlobalSection(SolutionConfigurationPlatforms) = preSolution
		Debug|Any CPU = Debug|Any CPU
		Release|Any CPU = Release|Any CPU
	EndGlobalSection
	GlobalSection(ProjectConfigurationPlatforms) = postSolution
		{20A0CDB4-06F2-469B-8612-1614A7E56FEE}.Debug|Any CPU.ActiveCfg = Debug|Any CPU
		{20A0CDB4-06F2-469B-8612-1614A7E56FEE}.Debug|Any CPU.Build.0 = Debug|Any CPU
		{20A0CDB4-06F2-469B-8612-1614A7E56FEE}.Release|Any CPU.ActiveCfg = Release|Any CPU
		{20A0CDB4-06F2-469B-8612-1614A7E56FEE}.Release|Any CPU.Build.0 = Release|Any CPU
		{B26D02BD-9244-4364-B277-99D18C12C461}.Debug|Any CPU.ActiveCfg = Debug|Any CPU
		{B26D02BD-9244-4364-B277-99D18C12C461}.Debug|Any CPU.Build.0 = Debug|Any CPU
		{B26D02BD-9244-4364-B277-99D18C12C461}.Release|Any CPU.ActiveCfg = Release|Any CPU
		{B26D02BD-9244-4364-B277-99D18C12C461}.Release|Any CPU.Build.0 = Release|Any CPU
		{6DC2DC04-1DF1-42B6-AF42-497BE06A6577}.Debug|Any CPU.ActiveCfg = Debug|Any CPU
		{6DC2DC04-1DF1-42B6-AF42-497BE06A6577}.Debug|Any CPU.Build.0 = Debug|Any CPU
		{6DC2DC04-1DF1-42B6-AF42-497BE06A6577}.Release|Any CPU.ActiveCfg = Release|Any CPU
		{6DC2DC04-1DF1-42B6-AF42-497BE06A6577}.Release|Any CPU.Build.0 = Release|Any CPU
		{9B256854-25C7-447F-91E8-73E3DF69ECD7}.Debug|Any CPU.ActiveCfg = Debug|Any CPU
		{9B256854-25C7-447F-91E8-73E3DF69ECD7}.Debug|Any CPU.Build.0 = Debug|Any CPU
		{9B256854-25C7-447F-91E8-73E3DF69ECD7}.Release|Any CPU.ActiveCfg = Release|Any CPU
		{9B256854-25C7-447F-91E8-73E3DF69ECD7}.Release|Any CPU.Build.0 = Release|Any CPU
		{D75B33F2-BA17-42A0-B9E7-31CF9B9917AF}.Debug|Any CPU.ActiveCfg = Debug|Any CPU
		{D75B33F2-BA17-42A0-B9E7-31CF9B9917AF}.Debug|Any CPU.Build.0 = Debug|Any CPU
		{D75B33F2-BA17-42A0-B9E7-31CF9B9917AF}.Release|Any CPU.ActiveCfg = Release|Any CPU
		{D75B33F2-BA17-42A0-B9E7-31CF9B9917AF}.Release|Any CPU.Build.0 = Release|Any CPU
		{3762B8C4-85C7-4797-A12D-6F948D4A2941}.Debug|Any CPU.ActiveCfg = Debug|Any CPU
		{3762B8C4-85C7-4797-A12D-6F948D4A2941}.Debug|Any CPU.Build.0 = Debug|Any CPU
		{3762B8C4-85C7-4797-A12D-6F948D4A2941}.Release|Any CPU.ActiveCfg = Release|Any CPU
		{3762B8C4-85C7-4797-A12D-6F948D4A2941}.Release|Any CPU.Build.0 = Release|Any CPU
		{7AFF5CFA-1C72-4CD6-AF30-CA069FB6A764}.Debug|Any CPU.ActiveCfg = Debug|Any CPU
		{7AFF5CFA-1C72-4CD6-AF30-CA069FB6A764}.Debug|Any CPU.Build.0 = Debug|Any CPU
		{7AFF5CFA-1C72-4CD6-AF30-CA069FB6A764}.Release|Any CPU.ActiveCfg = Release|Any CPU
		{7AFF5CFA-1C72-4CD6-AF30-CA069FB6A764}.Release|Any CPU.Build.0 = Release|Any CPU
		{77B6EFD3-604F-48D3-9589-518224CCC582}.Debug|Any CPU.ActiveCfg = Debug|Any CPU
		{77B6EFD3-604F-48D3-9589-518224CCC582}.Debug|Any CPU.Build.0 = Debug|Any CPU
		{77B6EFD3-604F-48D3-9589-518224CCC582}.Release|Any CPU.ActiveCfg = Release|Any CPU
		{77B6EFD3-604F-48D3-9589-518224CCC582}.Release|Any CPU.Build.0 = Release|Any CPU
	EndGlobalSection
	GlobalSection(SolutionProperties) = preSolution
		HideSolutionNode = FALSE
	EndGlobalSection
EndGlobal
