
Microsoft Visual Studio Solution File, Format Version 12.00
# Visual Studio 15
VisualStudioVersion = 15.0.26430.13
MinimumVisualStudioVersion = 10.0.40219.1
Project("{FAE04EC0-301F-11D3-BF4B-00C04F79EFBC}") = "01. Hello Name", "01. Hello Name\01. Hello Name.csproj", "{2926D916-72CC-4C48-B5EE-B00CD5CE630B}"
EndProject
Project("{FAE04EC0-301F-11D3-BF4B-00C04F79EFBC}") = "02. Min Method", "02. Min Method\02. Min Method.csproj", "{AB35FE60-3BC0-4DA3-878D-F5C9C5C50916}"
EndProject
Project("{FAE04EC0-301F-11D3-BF4B-00C04F79EFBC}") = "03. String Repeater", "03. String Repeater\03. String Repeater.csproj", "{DA6DD464-5484-4B3E-AC25-975D5CDFEEA2}"
EndProject
Project("{FAE04EC0-301F-11D3-BF4B-00C04F79EFBC}") = "04. Nth Digit", "04. Nth Digit\04. Nth Digit.csproj", "{AB20D56A-7AF0-446A-85A5-4C040C089F37}"
EndProject
Project("{FAE04EC0-301F-11D3-BF4B-00C04F79EFBC}") = "05. Integer to Base", "05. Integer to Base\05. Integer to Base.csproj", "{BCBFB5D0-BEC5-41D7-A04A-9E6A6BCF4B41}"
EndProject
Project("{FAE04EC0-301F-11D3-BF4B-00C04F79EFBC}") = "06. Notifications", "06. Notifications\06. Notifications.csproj", "{3316F8A2-CF66-407F-A7E5-FFFDD5363D5B}"
EndProject
Project("{FAE04EC0-301F-11D3-BF4B-00C04F79EFBC}") = "07. Numbers to Words", "07. Numbers to Words\07. Numbers to Words.csproj", "{B0E7E676-D0B1-4C78-86FA-80C62A20D256}"
EndProject
Project("{FAE04EC0-301F-11D3-BF4B-00C04F79EFBC}") = "08. String Encryption", "08. String Encryption\08. String Encryption.csproj", "{AFFF0164-6664-4230-AB08-513156B1564A}"
EndProject
Project("{FAE04EC0-301F-11D3-BF4B-00C04F79EFBC}") = "09. Largest Element in Array", "09. Largest Element in Array\09. Largest Element in Array.csproj", "{A2D35E9E-7587-4B00-8E36-DE393A10401F}"
EndProject
Project("{FAE04EC0-301F-11D3-BF4B-00C04F79EFBC}") = "10. Count of Negative Elements in Array", "10. Count of Negative Elements in Array\10. Count of Negative Elements in Array.csproj", "{E48F5FB9-D3B3-42F1-9B63-FBCA5182B44C}"
EndProject
Project("{FAE04EC0-301F-11D3-BF4B-00C04F79EFBC}") = "11. Count of Given Element in Array", "11. Count of Given Element in Array\11. Count of Given Element in Array.csproj", "{D801B780-6437-43B9-80AB-C26D1055BD50}"
EndProject
Project("{FAE04EC0-301F-11D3-BF4B-00C04F79EFBC}") = "12. Count Occurrences of Larger Numbers in Array", "12. Count Occurrences of Larger Numbers in Array\12. Count Occurrences of Larger Numbers in Array.csproj", "{1EA51250-FBC0-4F49-B25B-682068F72F7B}"
EndProject
Project("{FAE04EC0-301F-11D3-BF4B-00C04F79EFBC}") = "13. Increasing Sequence of Elements", "13. Increasing Sequence of Elements\13. Increasing Sequence of Elements.csproj", "{3CC8ABFC-1FBB-4BE9-8999-B850B24ABEE8}"
EndProject
Project("{FAE04EC0-301F-11D3-BF4B-00C04F79EFBC}") = "14. Equal Sequence of Elements in Array", "14. Equal Sequence of Elements in Array\14. Equal Sequence of Elements in Array.csproj", "{7DD0CDE1-4976-47B5-AB15-3E68AC7DB59E}"
EndProject
Project("{FAE04EC0-301F-11D3-BF4B-00C04F79EFBC}") = "15. Count of Capital Letters in Array", "15. Count of Capital Letters in Array\15. Count of Capital Letters in Array.csproj", "{0888379B-4700-4730-A38A-88125634102D}"
EndProject
Project("{FAE04EC0-301F-11D3-BF4B-00C04F79EFBC}") = "16. Array Symmetry", "16. Array Symmetry\16. Array Symmetry.csproj", "{4DC02C67-C22F-4F15-90CC-7C65E65DF368}"
EndProject
Global
	GlobalSection(SolutionConfigurationPlatforms) = preSolution
		Debug|Any CPU = Debug|Any CPU
		Release|Any CPU = Release|Any CPU
	EndGlobalSection
	GlobalSection(ProjectConfigurationPlatforms) = postSolution
		{2926D916-72CC-4C48-B5EE-B00CD5CE630B}.Debug|Any CPU.ActiveCfg = Debug|Any CPU
		{2926D916-72CC-4C48-B5EE-B00CD5CE630B}.Debug|Any CPU.Build.0 = Debug|Any CPU
		{2926D916-72CC-4C48-B5EE-B00CD5CE630B}.Release|Any CPU.ActiveCfg = Release|Any CPU
		{2926D916-72CC-4C48-B5EE-B00CD5CE630B}.Release|Any CPU.Build.0 = Release|Any CPU
		{AB35FE60-3BC0-4DA3-878D-F5C9C5C50916}.Debug|Any CPU.ActiveCfg = Debug|Any CPU
		{AB35FE60-3BC0-4DA3-878D-F5C9C5C50916}.Debug|Any CPU.Build.0 = Debug|Any CPU
		{AB35FE60-3BC0-4DA3-878D-F5C9C5C50916}.Release|Any CPU.ActiveCfg = Release|Any CPU
		{AB35FE60-3BC0-4DA3-878D-F5C9C5C50916}.Release|Any CPU.Build.0 = Release|Any CPU
		{DA6DD464-5484-4B3E-AC25-975D5CDFEEA2}.Debug|Any CPU.ActiveCfg = Debug|Any CPU
		{DA6DD464-5484-4B3E-AC25-975D5CDFEEA2}.Debug|Any CPU.Build.0 = Debug|Any CPU
		{DA6DD464-5484-4B3E-AC25-975D5CDFEEA2}.Release|Any CPU.ActiveCfg = Release|Any CPU
		{DA6DD464-5484-4B3E-AC25-975D5CDFEEA2}.Release|Any CPU.Build.0 = Release|Any CPU
		{AB20D56A-7AF0-446A-85A5-4C040C089F37}.Debug|Any CPU.ActiveCfg = Debug|Any CPU
		{AB20D56A-7AF0-446A-85A5-4C040C089F37}.Debug|Any CPU.Build.0 = Debug|Any CPU
		{AB20D56A-7AF0-446A-85A5-4C040C089F37}.Release|Any CPU.ActiveCfg = Release|Any CPU
		{AB20D56A-7AF0-446A-85A5-4C040C089F37}.Release|Any CPU.Build.0 = Release|Any CPU
		{BCBFB5D0-BEC5-41D7-A04A-9E6A6BCF4B41}.Debug|Any CPU.ActiveCfg = Debug|Any CPU
		{BCBFB5D0-BEC5-41D7-A04A-9E6A6BCF4B41}.Debug|Any CPU.Build.0 = Debug|Any CPU
		{BCBFB5D0-BEC5-41D7-A04A-9E6A6BCF4B41}.Release|Any CPU.ActiveCfg = Release|Any CPU
		{BCBFB5D0-BEC5-41D7-A04A-9E6A6BCF4B41}.Release|Any CPU.Build.0 = Release|Any CPU
		{3316F8A2-CF66-407F-A7E5-FFFDD5363D5B}.Debug|Any CPU.ActiveCfg = Debug|Any CPU
		{3316F8A2-CF66-407F-A7E5-FFFDD5363D5B}.Debug|Any CPU.Build.0 = Debug|Any CPU
		{3316F8A2-CF66-407F-A7E5-FFFDD5363D5B}.Release|Any CPU.ActiveCfg = Release|Any CPU
		{3316F8A2-CF66-407F-A7E5-FFFDD5363D5B}.Release|Any CPU.Build.0 = Release|Any CPU
		{B0E7E676-D0B1-4C78-86FA-80C62A20D256}.Debug|Any CPU.ActiveCfg = Debug|Any CPU
		{B0E7E676-D0B1-4C78-86FA-80C62A20D256}.Debug|Any CPU.Build.0 = Debug|Any CPU
		{B0E7E676-D0B1-4C78-86FA-80C62A20D256}.Release|Any CPU.ActiveCfg = Release|Any CPU
		{B0E7E676-D0B1-4C78-86FA-80C62A20D256}.Release|Any CPU.Build.0 = Release|Any CPU
		{AFFF0164-6664-4230-AB08-513156B1564A}.Debug|Any CPU.ActiveCfg = Debug|Any CPU
		{AFFF0164-6664-4230-AB08-513156B1564A}.Debug|Any CPU.Build.0 = Debug|Any CPU
		{AFFF0164-6664-4230-AB08-513156B1564A}.Release|Any CPU.ActiveCfg = Release|Any CPU
		{AFFF0164-6664-4230-AB08-513156B1564A}.Release|Any CPU.Build.0 = Release|Any CPU
		{A2D35E9E-7587-4B00-8E36-DE393A10401F}.Debug|Any CPU.ActiveCfg = Debug|Any CPU
		{A2D35E9E-7587-4B00-8E36-DE393A10401F}.Debug|Any CPU.Build.0 = Debug|Any CPU
		{A2D35E9E-7587-4B00-8E36-DE393A10401F}.Release|Any CPU.ActiveCfg = Release|Any CPU
		{A2D35E9E-7587-4B00-8E36-DE393A10401F}.Release|Any CPU.Build.0 = Release|Any CPU
		{E48F5FB9-D3B3-42F1-9B63-FBCA5182B44C}.Debug|Any CPU.ActiveCfg = Debug|Any CPU
		{E48F5FB9-D3B3-42F1-9B63-FBCA5182B44C}.Debug|Any CPU.Build.0 = Debug|Any CPU
		{E48F5FB9-D3B3-42F1-9B63-FBCA5182B44C}.Release|Any CPU.ActiveCfg = Release|Any CPU
		{E48F5FB9-D3B3-42F1-9B63-FBCA5182B44C}.Release|Any CPU.Build.0 = Release|Any CPU
		{D801B780-6437-43B9-80AB-C26D1055BD50}.Debug|Any CPU.ActiveCfg = Debug|Any CPU
		{D801B780-6437-43B9-80AB-C26D1055BD50}.Debug|Any CPU.Build.0 = Debug|Any CPU
		{D801B780-6437-43B9-80AB-C26D1055BD50}.Release|Any CPU.ActiveCfg = Release|Any CPU
		{D801B780-6437-43B9-80AB-C26D1055BD50}.Release|Any CPU.Build.0 = Release|Any CPU
		{1EA51250-FBC0-4F49-B25B-682068F72F7B}.Debug|Any CPU.ActiveCfg = Debug|Any CPU
		{1EA51250-FBC0-4F49-B25B-682068F72F7B}.Debug|Any CPU.Build.0 = Debug|Any CPU
		{1EA51250-FBC0-4F49-B25B-682068F72F7B}.Release|Any CPU.ActiveCfg = Release|Any CPU
		{1EA51250-FBC0-4F49-B25B-682068F72F7B}.Release|Any CPU.Build.0 = Release|Any CPU
		{3CC8ABFC-1FBB-4BE9-8999-B850B24ABEE8}.Debug|Any CPU.ActiveCfg = Debug|Any CPU
		{3CC8ABFC-1FBB-4BE9-8999-B850B24ABEE8}.Debug|Any CPU.Build.0 = Debug|Any CPU
		{3CC8ABFC-1FBB-4BE9-8999-B850B24ABEE8}.Release|Any CPU.ActiveCfg = Release|Any CPU
		{3CC8ABFC-1FBB-4BE9-8999-B850B24ABEE8}.Release|Any CPU.Build.0 = Release|Any CPU
		{7DD0CDE1-4976-47B5-AB15-3E68AC7DB59E}.Debug|Any CPU.ActiveCfg = Debug|Any CPU
		{7DD0CDE1-4976-47B5-AB15-3E68AC7DB59E}.Debug|Any CPU.Build.0 = Debug|Any CPU
		{7DD0CDE1-4976-47B5-AB15-3E68AC7DB59E}.Release|Any CPU.ActiveCfg = Release|Any CPU
		{7DD0CDE1-4976-47B5-AB15-3E68AC7DB59E}.Release|Any CPU.Build.0 = Release|Any CPU
		{0888379B-4700-4730-A38A-88125634102D}.Debug|Any CPU.ActiveCfg = Debug|Any CPU
		{0888379B-4700-4730-A38A-88125634102D}.Debug|Any CPU.Build.0 = Debug|Any CPU
		{0888379B-4700-4730-A38A-88125634102D}.Release|Any CPU.ActiveCfg = Release|Any CPU
		{0888379B-4700-4730-A38A-88125634102D}.Release|Any CPU.Build.0 = Release|Any CPU
		{4DC02C67-C22F-4F15-90CC-7C65E65DF368}.Debug|Any CPU.ActiveCfg = Debug|Any CPU
		{4DC02C67-C22F-4F15-90CC-7C65E65DF368}.Debug|Any CPU.Build.0 = Debug|Any CPU
		{4DC02C67-C22F-4F15-90CC-7C65E65DF368}.Release|Any CPU.ActiveCfg = Release|Any CPU
		{4DC02C67-C22F-4F15-90CC-7C65E65DF368}.Release|Any CPU.Build.0 = Release|Any CPU
	EndGlobalSection
	GlobalSection(SolutionProperties) = preSolution
		HideSolutionNode = FALSE
	EndGlobalSection
EndGlobal
