
Microsoft Visual Studio Solution File, Format Version 12.00
# Visual Studio 15
VisualStudioVersion = 15.0.26430.13
MinimumVisualStudioVersion = 10.0.40219.1
Project("{FAE04EC0-301F-11D3-BF4B-00C04F79EFBC}") = "01. Letter Repetition", "01. Letter Repetition\01. Letter Repetition.csproj", "{948F9F29-9DF7-44C5-8678-13CAAEED2FD4}"
EndProject
Project("{FAE04EC0-301F-11D3-BF4B-00C04F79EFBC}") = "02. Dict-Ref", "02. Dict-Ref\02. Dict-Ref.csproj", "{45835744-FCFA-4605-994E-0B82198A14F0}"
EndProject
Project("{FAE04EC0-301F-11D3-BF4B-00C04F79EFBC}") = "03. Mixed Phones", "03. Mixed Phones\03. Mixed Phones.csproj", "{A49A6C6F-1738-40E2-BA77-0AAF4F265093}"
EndProject
Project("{FAE04EC0-301F-11D3-BF4B-00C04F79EFBC}") = "04. Exam Shopping", "04. Exam Shopping\04. Exam Shopping.csproj", "{C3BA1AA1-61EF-4AA9-A86A-7F45BBC613D0}"
EndProject
Project("{FAE04EC0-301F-11D3-BF4B-00C04F79EFBC}") = "05. User Logins", "05. User Logins\05. User Logins.csproj", "{960937F8-C9F7-4D27-BF41-7C7EEDF9DFD6}"
EndProject
Global
	GlobalSection(SolutionConfigurationPlatforms) = preSolution
		Debug|Any CPU = Debug|Any CPU
		Release|Any CPU = Release|Any CPU
	EndGlobalSection
	GlobalSection(ProjectConfigurationPlatforms) = postSolution
		{948F9F29-9DF7-44C5-8678-13CAAEED2FD4}.Debug|Any CPU.ActiveCfg = Debug|Any CPU
		{948F9F29-9DF7-44C5-8678-13CAAEED2FD4}.Debug|Any CPU.Build.0 = Debug|Any CPU
		{948F9F29-9DF7-44C5-8678-13CAAEED2FD4}.Release|Any CPU.ActiveCfg = Release|Any CPU
		{948F9F29-9DF7-44C5-8678-13CAAEED2FD4}.Release|Any CPU.Build.0 = Release|Any CPU
		{45835744-FCFA-4605-994E-0B82198A14F0}.Debug|Any CPU.ActiveCfg = Debug|Any CPU
		{45835744-FCFA-4605-994E-0B82198A14F0}.Debug|Any CPU.Build.0 = Debug|Any CPU
		{45835744-FCFA-4605-994E-0B82198A14F0}.Release|Any CPU.ActiveCfg = Release|Any CPU
		{45835744-FCFA-4605-994E-0B82198A14F0}.Release|Any CPU.Build.0 = Release|Any CPU
		{A49A6C6F-1738-40E2-BA77-0AAF4F265093}.Debug|Any CPU.ActiveCfg = Debug|Any CPU
		{A49A6C6F-1738-40E2-BA77-0AAF4F265093}.Debug|Any CPU.Build.0 = Debug|Any CPU
		{A49A6C6F-1738-40E2-BA77-0AAF4F265093}.Release|Any CPU.ActiveCfg = Release|Any CPU
		{A49A6C6F-1738-40E2-BA77-0AAF4F265093}.Release|Any CPU.Build.0 = Release|Any CPU
		{C3BA1AA1-61EF-4AA9-A86A-7F45BBC613D0}.Debug|Any CPU.ActiveCfg = Debug|Any CPU
		{C3BA1AA1-61EF-4AA9-A86A-7F45BBC613D0}.Debug|Any CPU.Build.0 = Debug|Any CPU
		{C3BA1AA1-61EF-4AA9-A86A-7F45BBC613D0}.Release|Any CPU.ActiveCfg = Release|Any CPU
		{C3BA1AA1-61EF-4AA9-A86A-7F45BBC613D0}.Release|Any CPU.Build.0 = Release|Any CPU
		{960937F8-C9F7-4D27-BF41-7C7EEDF9DFD6}.Debug|Any CPU.ActiveCfg = Debug|Any CPU
		{960937F8-C9F7-4D27-BF41-7C7EEDF9DFD6}.Debug|Any CPU.Build.0 = Debug|Any CPU
		{960937F8-C9F7-4D27-BF41-7C7EEDF9DFD6}.Release|Any CPU.ActiveCfg = Release|Any CPU
		{960937F8-C9F7-4D27-BF41-7C7EEDF9DFD6}.Release|Any CPU.Build.0 = Release|Any CPU
	EndGlobalSection
	GlobalSection(SolutionProperties) = preSolution
		HideSolutionNode = FALSE
	EndGlobalSection
EndGlobal
