
Microsoft Visual Studio Solution File, Format Version 12.00
# Visual Studio 15
VisualStudioVersion = 15.0.26430.13
MinimumVisualStudioVersion = 10.0.40219.1
Project("{FAE04EC0-301F-11D3-BF4B-00C04F79EFBC}") = "01. Register Users", "01. Register Users\01. Register Users.csproj", "{63489AA4-BF25-4A72-BE04-B8CBD11CFC19}"
EndProject
Project("{FAE04EC0-301F-11D3-BF4B-00C04F79EFBC}") = "02. Default Values", "02. Default Values\02. Default Values.csproj", "{4925E3F0-80AE-4767-A05B-A3627540BA7B}"
EndProject
Project("{FAE04EC0-301F-11D3-BF4B-00C04F79EFBC}") = "03. Shopping Spree", "03. Shopping Spree\03. Shopping Spree.csproj", "{38C21198-EF70-4390-895D-682F03671F1D}"
EndProject
Project("{FAE04EC0-301F-11D3-BF4B-00C04F79EFBC}") = "04 SoftUni Beer Pong", "04 SoftUni Beer Pong\04 SoftUni Beer Pong.csproj", "{43A76282-EA84-4AA4-8A5A-9EF6885FFAB6}"
EndProject
Project("{FAE04EC0-301F-11D3-BF4B-00C04F79EFBC}") = "05. Flatten Dictionary", "05. Flatten Dictionary\05. Flatten Dictionary.csproj", "{69DD6796-39B9-4359-B97C-D0C70F49818A}"
EndProject
Project("{FAE04EC0-301F-11D3-BF4B-00C04F79EFBC}") = "06. CottageScraper", "06. CottageScraper\06. CottageScraper.csproj", "{A69BE2B4-4EE5-412E-A239-EFDC400488A7}"
EndProject
Global
	GlobalSection(SolutionConfigurationPlatforms) = preSolution
		Debug|Any CPU = Debug|Any CPU
		Release|Any CPU = Release|Any CPU
	EndGlobalSection
	GlobalSection(ProjectConfigurationPlatforms) = postSolution
		{63489AA4-BF25-4A72-BE04-B8CBD11CFC19}.Debug|Any CPU.ActiveCfg = Debug|Any CPU
		{63489AA4-BF25-4A72-BE04-B8CBD11CFC19}.Debug|Any CPU.Build.0 = Debug|Any CPU
		{63489AA4-BF25-4A72-BE04-B8CBD11CFC19}.Release|Any CPU.ActiveCfg = Release|Any CPU
		{63489AA4-BF25-4A72-BE04-B8CBD11CFC19}.Release|Any CPU.Build.0 = Release|Any CPU
		{4925E3F0-80AE-4767-A05B-A3627540BA7B}.Debug|Any CPU.ActiveCfg = Debug|Any CPU
		{4925E3F0-80AE-4767-A05B-A3627540BA7B}.Debug|Any CPU.Build.0 = Debug|Any CPU
		{4925E3F0-80AE-4767-A05B-A3627540BA7B}.Release|Any CPU.ActiveCfg = Release|Any CPU
		{4925E3F0-80AE-4767-A05B-A3627540BA7B}.Release|Any CPU.Build.0 = Release|Any CPU
		{38C21198-EF70-4390-895D-682F03671F1D}.Debug|Any CPU.ActiveCfg = Debug|Any CPU
		{38C21198-EF70-4390-895D-682F03671F1D}.Debug|Any CPU.Build.0 = Debug|Any CPU
		{38C21198-EF70-4390-895D-682F03671F1D}.Release|Any CPU.ActiveCfg = Release|Any CPU
		{38C21198-EF70-4390-895D-682F03671F1D}.Release|Any CPU.Build.0 = Release|Any CPU
		{43A76282-EA84-4AA4-8A5A-9EF6885FFAB6}.Debug|Any CPU.ActiveCfg = Debug|Any CPU
		{43A76282-EA84-4AA4-8A5A-9EF6885FFAB6}.Debug|Any CPU.Build.0 = Debug|Any CPU
		{43A76282-EA84-4AA4-8A5A-9EF6885FFAB6}.Release|Any CPU.ActiveCfg = Release|Any CPU
		{43A76282-EA84-4AA4-8A5A-9EF6885FFAB6}.Release|Any CPU.Build.0 = Release|Any CPU
		{69DD6796-39B9-4359-B97C-D0C70F49818A}.Debug|Any CPU.ActiveCfg = Debug|Any CPU
		{69DD6796-39B9-4359-B97C-D0C70F49818A}.Debug|Any CPU.Build.0 = Debug|Any CPU
		{69DD6796-39B9-4359-B97C-D0C70F49818A}.Release|Any CPU.ActiveCfg = Release|Any CPU
		{69DD6796-39B9-4359-B97C-D0C70F49818A}.Release|Any CPU.Build.0 = Release|Any CPU
		{A69BE2B4-4EE5-412E-A239-EFDC400488A7}.Debug|Any CPU.ActiveCfg = Debug|Any CPU
		{A69BE2B4-4EE5-412E-A239-EFDC400488A7}.Debug|Any CPU.Build.0 = Debug|Any CPU
		{A69BE2B4-4EE5-412E-A239-EFDC400488A7}.Release|Any CPU.ActiveCfg = Release|Any CPU
		{A69BE2B4-4EE5-412E-A239-EFDC400488A7}.Release|Any CPU.Build.0 = Release|Any CPU
	EndGlobalSection
	GlobalSection(SolutionProperties) = preSolution
		HideSolutionNode = FALSE
	EndGlobalSection
EndGlobal
